
Microsoft Visual Studio Solution File, Format Version 12.00
# Visual Studio Version 17
VisualStudioVersion = 17.8.34525.116
MinimumVisualStudioVersion = 10.0.40219.1
Project("{FAE04EC0-301F-11D3-BF4B-00C04F79EFBC}") = "TypesAndVariables", "TypesAndVariables\TypesAndVariables.csproj", "{F2183C05-7BDE-4818-A29C-B3AC22E71D58}"
EndProject
Project("{FAE04EC0-301F-11D3-BF4B-00C04F79EFBC}") = "Conditionals", "Conditionals\Conditionals.csproj", "{3C443C76-F22E-49D7-AB74-C748C6EE5DAF}"
EndProject
Project("{FAE04EC0-301F-11D3-BF4B-00C04F79EFBC}") = "Methods", "Methods\Methods.csproj", "{0909A3E9-F767-4170-A320-D8562B6E3EB9}"
EndProject
Project("{FAE04EC0-301F-11D3-BF4B-00C04F79EFBC}") = "Arrays", "Arrays\Arrays.csproj", "{22A0DAFD-583F-4DA8-94B7-A409E65C2913}"
EndProject
Project("{FAE04EC0-301F-11D3-BF4B-00C04F79EFBC}") = "Loops", "Loops\Loops.csproj", "{AE173CC3-1378-460D-81B2-AAB40CA72FE8}"
EndProject
Global
	GlobalSection(SolutionConfigurationPlatforms) = preSolution
		Debug|Any CPU = Debug|Any CPU
		Release|Any CPU = Release|Any CPU
	EndGlobalSection
	GlobalSection(ProjectConfigurationPlatforms) = postSolution
		{F2183C05-7BDE-4818-A29C-B3AC22E71D58}.Debug|Any CPU.ActiveCfg = Debug|Any CPU
		{F2183C05-7BDE-4818-A29C-B3AC22E71D58}.Debug|Any CPU.Build.0 = Debug|Any CPU
		{F2183C05-7BDE-4818-A29C-B3AC22E71D58}.Release|Any CPU.ActiveCfg = Release|Any CPU
		{F2183C05-7BDE-4818-A29C-B3AC22E71D58}.Release|Any CPU.Build.0 = Release|Any CPU
		{3C443C76-F22E-49D7-AB74-C748C6EE5DAF}.Debug|Any CPU.ActiveCfg = Debug|Any CPU
		{3C443C76-F22E-49D7-AB74-C748C6EE5DAF}.Debug|Any CPU.Build.0 = Debug|Any CPU
		{3C443C76-F22E-49D7-AB74-C748C6EE5DAF}.Release|Any CPU.ActiveCfg = Release|Any CPU
		{3C443C76-F22E-49D7-AB74-C748C6EE5DAF}.Release|Any CPU.Build.0 = Release|Any CPU
		{0909A3E9-F767-4170-A320-D8562B6E3EB9}.Debug|Any CPU.ActiveCfg = Debug|Any CPU
		{0909A3E9-F767-4170-A320-D8562B6E3EB9}.Debug|Any CPU.Build.0 = Debug|Any CPU
		{0909A3E9-F767-4170-A320-D8562B6E3EB9}.Release|Any CPU.ActiveCfg = Release|Any CPU
		{0909A3E9-F767-4170-A320-D8562B6E3EB9}.Release|Any CPU.Build.0 = Release|Any CPU
		{22A0DAFD-583F-4DA8-94B7-A409E65C2913}.Debug|Any CPU.ActiveCfg = Debug|Any CPU
		{22A0DAFD-583F-4DA8-94B7-A409E65C2913}.Debug|Any CPU.Build.0 = Debug|Any CPU
		{22A0DAFD-583F-4DA8-94B7-A409E65C2913}.Release|Any CPU.ActiveCfg = Release|Any CPU
		{22A0DAFD-583F-4DA8-94B7-A409E65C2913}.Release|Any CPU.Build.0 = Release|Any CPU
		{AE173CC3-1378-460D-81B2-AAB40CA72FE8}.Debug|Any CPU.ActiveCfg = Debug|Any CPU
		{AE173CC3-1378-460D-81B2-AAB40CA72FE8}.Debug|Any CPU.Build.0 = Debug|Any CPU
		{AE173CC3-1378-460D-81B2-AAB40CA72FE8}.Release|Any CPU.ActiveCfg = Release|Any CPU
		{AE173CC3-1378-460D-81B2-AAB40CA72FE8}.Release|Any CPU.Build.0 = Release|Any CPU
	EndGlobalSection
	GlobalSection(SolutionProperties) = preSolution
		HideSolutionNode = FALSE
	EndGlobalSection
	GlobalSection(ExtensibilityGlobals) = postSolution
		SolutionGuid = {8B6E6123-78BC-46D5-AE5D-6D75BFAC8D02}
	EndGlobalSection
EndGlobal
